{
  "name": "mrbs3",
  "version": "1.0.0",
  "lockfileVersion": 1,
  "requires": true,
  "dependencies": {
    "prototypes": {
      "version": "2.3.5",
      "resolved": "https://registry.npmjs.org/prototypes/-/prototypes-2.3.5.tgz",
      "integrity": "sha512-Nci0TWpCnv5RBbQSW4XpA5MPVljlRX9Q9uDNyxmzsoWBX4pQ/X2pDo3HC7ks3ksmEmeetZDRPPE3kwWb46vDpw=="
    }
  }
}
